# This file is generated by running "yarn install" inside your project.
# Manual changes might be lost - proceed with caution!

__metadata:
  version: 4
  cacheKey: 8

"manageiq-providers-lenovo@workspace:.":
  version: 0.0.0-use.local
  resolution: "manageiq-providers-lenovo@workspace:."
  dependencies:
    urijs: ^1.19.9
  languageName: unknown
  linkType: soft

"urijs@npm:^1.19.9":
  version: 1.19.9
  resolution: "urijs@npm:1.19.9"
  checksum: 9be08c5cf4fb822d6bb62652640fd42e09985a081a205c0d5bf7edc416ff3e4073c5780c4eae46ab9277f4112908b7f79fd5199659214a94df90c73b2033e3ce
  languageName: node
  linkType: hard
