# This file is generated by running "yarn install" inside your project.
# Manual changes might be lost - proceed with caution!

__metadata:
  version: 4
  cacheKey: 8

"manageiq-providers-lenovo@workspace:.":
  version: 0.0.0-use.local
  resolution: "manageiq-providers-lenovo@workspace:."
  dependencies:
    urijs: ^1.19.7
  languageName: unknown
  linkType: soft

"urijs@npm:^1.19.7":
  version: 1.19.7
  resolution: "urijs@npm:1.19.7"
  checksum: faf178c0ebad4d9eb255c2ed181a1249c496c70383f53383f40ecf783b8b51c84b51503f309b8508048bdc98347f766513ef16692a096888b310b5e1c08c1e46
  languageName: node
  linkType: hard
