# This file is generated by running "yarn install" inside your project.
# Manual changes might be lost - proceed with caution!

__metadata:
  version: 4
  cacheKey: 8

"manageiq-providers-lenovo@workspace:.":
  version: 0.0.0-use.local
  resolution: "manageiq-providers-lenovo@workspace:."
  dependencies:
    urijs: ^1.19.11
  languageName: unknown
  linkType: soft

"urijs@npm:^1.19.11":
  version: 1.19.11
  resolution: "urijs@npm:1.19.11"
  checksum: f9b95004560754d30fd7dbee44b47414d662dc9863f1cf5632a7c7983648df11d23c0be73b9b4f9554463b61d5b0a520b70df9e1ee963ebb4af02e6da2cc80f3
  languageName: node
  linkType: hard
